
Microsoft Visual Studio Solution File, Format Version 12.00
# Visual Studio 14
VisualStudioVersion = 14.0.24720.0
MinimumVisualStudioVersion = 10.0.40219.1
Project("{FAE04EC0-301F-11D3-BF4B-00C04F79EFBC}") = "Generics1", "Generics1\Generics1.csproj", "{5AA915EF-FA1D-4F6E-A195-1EEE63EECD4A}"
EndProject
Project("{FAE04EC0-301F-11D3-BF4B-00C04F79EFBC}") = "MemoryManagement1", "MemoryManagement1\MemoryManagement1.csproj", "{D3CA2B42-8FA6-4AEA-9BB5-22BED2A71B4E}"
EndProject
Global
	GlobalSection(SolutionConfigurationPlatforms) = preSolution
		Debug|Any CPU = Debug|Any CPU
		Release|Any CPU = Release|Any CPU
	EndGlobalSection
	GlobalSection(ProjectConfigurationPlatforms) = postSolution
		{5AA915EF-FA1D-4F6E-A195-1EEE63EECD4A}.Debug|Any CPU.ActiveCfg = Debug|Any CPU
		{5AA915EF-FA1D-4F6E-A195-1EEE63EECD4A}.Debug|Any CPU.Build.0 = Debug|Any CPU
		{5AA915EF-FA1D-4F6E-A195-1EEE63EECD4A}.Release|Any CPU.ActiveCfg = Release|Any CPU
		{5AA915EF-FA1D-4F6E-A195-1EEE63EECD4A}.Release|Any CPU.Build.0 = Release|Any CPU
		{D3CA2B42-8FA6-4AEA-9BB5-22BED2A71B4E}.Debug|Any CPU.ActiveCfg = Debug|Any CPU
		{D3CA2B42-8FA6-4AEA-9BB5-22BED2A71B4E}.Debug|Any CPU.Build.0 = Debug|Any CPU
		{D3CA2B42-8FA6-4AEA-9BB5-22BED2A71B4E}.Release|Any CPU.ActiveCfg = Release|Any CPU
		{D3CA2B42-8FA6-4AEA-9BB5-22BED2A71B4E}.Release|Any CPU.Build.0 = Release|Any CPU
	EndGlobalSection
	GlobalSection(SolutionProperties) = preSolution
		HideSolutionNode = FALSE
	EndGlobalSection
EndGlobal
